<?xml version="1.0" encoding="utf-8"?>
<Project ToolsVersion="4.0" xmlns="http://schemas.microsoft.com/developer/msbuild/2003">
  <ItemGroup>
    <Filter Include="Source Files">
      <UniqueIdentifier>{4FC737F1-C7A5-4376-A066-2A32D752A2FF}</UniqueIdentifier>
      <Extensions>qml;cpp;c;cc;cxx;def;odl;idl;hpj;bat;asm;asmx</Extensions>
    </Filter>
    <Filter Include="Header Files">
      <UniqueIdentifier>{93995380-89BD-4b04-88EB-625FBE52EBFB}</UniqueIdentifier>
      <Extensions>h;hh;hpp;hxx;hm;inl;inc;xsd</Extensions>
    </Filter>
    <Filter Include="Resource Files">
      <UniqueIdentifier>{67DA6AB6-F800-4c08-8B7A-83BB121AAD01}</UniqueIdentifier>
      <Extensions>qrc;rc;ico;cur;bmp;dlg;rc2;rct;bin;rgs;gif;jpg;jpeg;jpe;resx;tiff;tif;png;wav;mfcribbon-ms</Extensions>
    </Filter>
    <Filter Include="Form Files">
      <UniqueIdentifier>{99349809-55BA-4b9d-BF79-8FDBB0286EB3}</UniqueIdentifier>
      <Extensions>ui</Extensions>
    </Filter>
    <Filter Include="Translation Files">
      <UniqueIdentifier>{639EADAA-A684-42e4-A9AD-28FC9BCB8F7C}</UniqueIdentifier>
      <Extensions>ts</Extensions>
    </Filter>
    <Filter Include="Source Files\Renderer">
      <UniqueIdentifier>{75ce856b-0d78-481b-ad30-4e7d6ab9107e}</UniqueIdentifier>
    </Filter>
    <Filter Include="Source Files\Renderer\Input">
      <UniqueIdentifier>{5fe4a9d7-113d-47db-956d-b0a61df79679}</UniqueIdentifier>
    </Filter>
    <Filter Include="Source Files\Renderer\Render">
      <UniqueIdentifier>{749bff14-9109-446f-9be2-1a15ec7404d7}</UniqueIdentifier>
    </Filter>
    <Filter Include="Source Files\Renderer\Scene">
      <UniqueIdentifier>{d95af082-265f-4d43-ab3a-03fcc231c15e}</UniqueIdentifier>
    </Filter>
    <Filter Include="Source Files\Renderer\Output">
      <UniqueIdentifier>{ea9276ce-a41b-4a2e-b4ba-b15a65fa048d}</UniqueIdentifier>
    </Filter>
    <Filter Include="Source Files\Renderer\MyMath">
      <UniqueIdentifier>{c2702a05-6f1f-47ac-8842-9b002d89591e}</UniqueIdentifier>
    </Filter>
    <Filter Include="Source Files\ECS">
      <UniqueIdentifier>{e4ed16f8-e8a1-4d7f-8931-004af2d25a54}</UniqueIdentifier>
    </Filter>
    <Filter Include="Source Files\Event">
      <UniqueIdentifier>{03a561c9-26b5-4993-b3c7-f9560dbcf5ae}</UniqueIdentifier>
    </Filter>
    <Filter Include="Source Files\ObjectPool">
      <UniqueIdentifier>{0c37117c-82a2-40d3-a565-7cffb70effe6}</UniqueIdentifier>
    </Filter>
    <Filter Include="Source Files\Factory">
      <UniqueIdentifier>{d69a2cfe-afd6-4439-b431-845c36a57352}</UniqueIdentifier>
    </Filter>
    <Filter Include="Source Files\ECS\Component">
      <UniqueIdentifier>{05046af3-1e57-4ca9-a407-641771688590}</UniqueIdentifier>
    </Filter>
    <Filter Include="Source Files\ECS\System">
      <UniqueIdentifier>{3894a559-f07e-4871-9d81-b1434d4ac7cc}</UniqueIdentifier>
    </Filter>
    <Filter Include="Source Files\QtWidget">
      <UniqueIdentifier>{bef153d3-ed1f-4b10-832e-ba68acbdb360}</UniqueIdentifier>
    </Filter>
    <Filter Include="Source Files\Util">
      <UniqueIdentifier>{7c71d79e-8d1f-401f-84bd-42e49584f0f9}</UniqueIdentifier>
    </Filter>
    <Filter Include="Source Files\Math">
      <UniqueIdentifier>{8bc55fe5-b329-49c9-bf13-9712da37f00d}</UniqueIdentifier>
    </Filter>
    <Filter Include="Source Files\Protobuf">
      <UniqueIdentifier>{54da13a4-1e42-40fa-9092-b0a1c2d3f203}</UniqueIdentifier>
    </Filter>
    <Filter Include="Source Files\Socket">
      <UniqueIdentifier>{71d9d448-b9d9-4665-a492-2002cde1575d}</UniqueIdentifier>
    </Filter>
    <Filter Include="Source Files\Thread">
      <UniqueIdentifier>{841d3fdf-bcfc-4934-8b40-f9defefff837}</UniqueIdentifier>
    </Filter>
    <Filter Include="Source Files\Input">
      <UniqueIdentifier>{11700ff1-7875-4047-8d13-5832fa56e656}</UniqueIdentifier>
    </Filter>
  </ItemGroup>
  <ItemGroup>
    <ClInclude Include="renderer\input\Face.h">
      <Filter>Source Files\Renderer\Input</Filter>
    </ClInclude>
    <ClInclude Include="renderer\input\Material.h">
      <Filter>Source Files\Renderer\Input</Filter>
    </ClInclude>
    <ClInclude Include="renderer\input\ObjData.h">
      <Filter>Source Files\Renderer\Input</Filter>
    </ClInclude>
    <ClInclude Include="renderer\input\Vertex.h">
      <Filter>Source Files\Renderer\Input</Filter>
    </ClInclude>
    <ClInclude Include="renderer\render\Fragment.h">
      <Filter>Source Files\Renderer\Render</Filter>
    </ClInclude>
    <ClInclude Include="renderer\render\FragmentShader.h">
      <Filter>Source Files\Renderer\Render</Filter>
    </ClInclude>
    <ClInclude Include="renderer\render\Rasterization.h">
      <Filter>Source Files\Renderer\Render</Filter>
    </ClInclude>
    <ClInclude Include="renderer\render\Render.h">
      <Filter>Source Files\Renderer\Render</Filter>
    </ClInclude>
    <ClInclude Include="renderer\render\VertexShader.h">
      <Filter>Source Files\Renderer\Render</Filter>
    </ClInclude>
    <ClInclude Include="renderer\scene\Camera.h">
      <Filter>Source Files\Renderer\Scene</Filter>
    </ClInclude>
    <ClInclude Include="renderer\scene\Light.h">
      <Filter>Source Files\Renderer\Scene</Filter>
    </ClInclude>
    <ClInclude Include="renderer\scene\Scene.h">
      <Filter>Source Files\Renderer\Scene</Filter>
    </ClInclude>
    <ClInclude Include="renderer\output\Frames.h">
      <Filter>Source Files\Renderer\Output</Filter>
    </ClInclude>
    <ClInclude Include="renderer\output\FramesInRenderer.h">
      <Filter>Source Files\Renderer\Output</Filter>
    </ClInclude>
    <ClInclude Include="renderer\output\FuncCodes.h">
      <Filter>Source Files\Renderer\Output</Filter>
    </ClInclude>
    <ClInclude Include="renderer\output\UserSceneData.h">
      <Filter>Source Files\Renderer\Output</Filter>
    </ClInclude>
    <ClInclude Include="Config.h">
      <Filter>Source Files</Filter>
    </ClInclude>
    <ClInclude Include="Renderer\MyMath\HoVector3.h">
      <Filter>Source Files\Renderer\MyMath</Filter>
    </ClInclude>
    <ClInclude Include="Renderer\MyMath\HoVector4.h">
      <Filter>Source Files\Renderer\MyMath</Filter>
    </ClInclude>
    <ClInclude Include="Renderer\MyMath\mathValue.h">
      <Filter>Source Files\Renderer\MyMath</Filter>
    </ClInclude>
    <ClInclude Include="Renderer\MyMath\Matrix4f.h">
      <Filter>Source Files\Renderer\MyMath</Filter>
    </ClInclude>
    <ClInclude Include="ECS\ComponentArray.h">
      <Filter>Source Files\ECS</Filter>
    </ClInclude>
    <ClInclude Include="ECS\ComponentManager.h">
      <Filter>Source Files\ECS</Filter>
    </ClInclude>
    <ClInclude Include="ECS\World.h">
      <Filter>Source Files\ECS</Filter>
    </ClInclude>
    <ClInclude Include="ECS\EntityManager.h">
      <Filter>Source Files\ECS</Filter>
    </ClInclude>
    <ClInclude Include="ECS\System.h">
      <Filter>Source Files\ECS</Filter>
    </ClInclude>
    <ClInclude Include="ECS\SystemManager.h">
      <Filter>Source Files\ECS</Filter>
    </ClInclude>
    <ClInclude Include="ECS\Types.h">
      <Filter>Source Files\ECS</Filter>
    </ClInclude>
    <ClInclude Include="ObjectPool\ObjectPool.h">
      <Filter>Source Files\ObjectPool</Filter>
    </ClInclude>
    <ClInclude Include="Factory\Factory.h">
      <Filter>Source Files\Factory</Filter>
    </ClInclude>
    <ClInclude Include="Event\EventQueue.h">
      <Filter>Source Files\Event</Filter>
    </ClInclude>
    <ClInclude Include="Event\EventDefine.h">
      <Filter>Source Files\Event</Filter>
    </ClInclude>
    <ClInclude Include="ECS\Component\CollisionComponent.h">
      <Filter>Source Files\ECS\Component</Filter>
    </ClInclude>
    <ClInclude Include="ECS\Component\PosComponent.h">
      <Filter>Source Files\ECS\Component</Filter>
    </ClInclude>
    <ClInclude Include="ECS\System\CollisionSystem.h">
      <Filter>Source Files\ECS\System</Filter>
    </ClInclude>
    <ClInclude Include="ECS\Component\UniformGridComponent.h">
      <Filter>Source Files\ECS\Component</Filter>
    </ClInclude>
    <ClInclude Include="ECS\System\MoveSystem.h">
      <Filter>Source Files\ECS\System</Filter>
    </ClInclude>
    <ClInclude Include="ECS\Component\SpeedComponent.h">
      <Filter>Source Files\ECS\Component</Filter>
    </ClInclude>
    <ClInclude Include="ECS\System\InputSystem.h">
      <Filter>Source Files\ECS\System</Filter>
    </ClInclude>
    <ClInclude Include="ECS\Component\InputComponent.h">
      <Filter>Source Files\ECS\Component</Filter>
    </ClInclude>
    <ClInclude Include="ECS\System\SpeedChangeSystem.h">
      <Filter>Source Files\ECS\System</Filter>
    </ClInclude>
    <ClInclude Include="ECS\System\FireSystem.h">
      <Filter>Source Files\ECS\System</Filter>
    </ClInclude>
    <ClInclude Include="ECS\System\CommandSystem.h">
      <Filter>Source Files\ECS\System</Filter>
    </ClInclude>
    <ClInclude Include="ECS\System\ObstacleSystem.h">
      <Filter>Source Files\ECS\System</Filter>
    </ClInclude>
    <ClInclude Include="ECS\Component\ObstacleComponent.h">
      <Filter>Source Files\ECS\Component</Filter>
    </ClInclude>
    <ClInclude Include="TypeConfig.h">
      <Filter>Source Files</Filter>
    </ClInclude>
    <ClInclude Include="ECS\Component\PRenderComponent.h">
      <Filter>Source Files\ECS\Component</Filter>
    </ClInclude>
    <ClInclude Include="ECS\System\PRenderBufferSystem.h">
      <Filter>Source Files\ECS\System</Filter>
    </ClInclude>
    <ClInclude Include="Util\Macro.h">
      <Filter>Source Files\Util</Filter>
    </ClInclude>
    <ClInclude Include="Util\Util.h">
      <Filter>Source Files\Util</Filter>
    </ClInclude>
    <ClInclude Include="Math\FixedPoint.h">
      <Filter>Source Files\Math</Filter>
    </ClInclude>
    <ClInclude Include="Math\Vec2.h">
      <Filter>Source Files\Math</Filter>
    </ClInclude>
    <ClInclude Include="ECS\ECSUtil.h">
      <Filter>Source Files\ECS</Filter>
    </ClInclude>
    <ClInclude Include="ECS\Component\CommandComponent.h">
      <Filter>Source Files\ECS\Component</Filter>
    </ClInclude>
    <ClInclude Include="ECS\Component\PlayerComponent.h">
      <Filter>Source Files\ECS\Component</Filter>
    </ClInclude>
    <ClInclude Include="ECS\Component\AttachComponent.h">
      <Filter>Source Files\ECS\Component</Filter>
    </ClInclude>
    <ClInclude Include="ECS\System\SocketSystem.h">
      <Filter>Source Files\ECS\System</Filter>
    </ClInclude>
    <ClInclude Include="ECS\Component\SocketComponent.h">
      <Filter>Source Files\ECS\Component</Filter>
    </ClInclude>
    <ClInclude Include="ECS\XTankWorld.h">
      <Filter>Source Files\ECS</Filter>
    </ClInclude>
    <ClInclude Include="ECS\System\FrameSystem.h">
      <Filter>Source Files\ECS\System</Filter>
    </ClInclude>
    <ClInclude Include="ECS\System\PlayerSpawnSystem.h">
      <Filter>Source Files\ECS\System</Filter>
    </ClInclude>
    <ClInclude Include="ECS\System\EntitySpawnSystem.h">
      <Filter>Source Files\ECS\System</Filter>
    </ClInclude>
    <ClInclude Include="ECS\Component\EntitySpawnComponent.h">
      <Filter>Source Files\ECS\Component</Filter>
    </ClInclude>
    <ClInclude Include="ECS\Component\BulletSpawnComponent.h">
      <Filter>Source Files\ECS\Component</Filter>
    </ClInclude>
    <ClInclude Include="ECS\System\BulletHitSystem.h">
      <Filter>Source Files\ECS\System</Filter>
    </ClInclude>
    <ClInclude Include="ECS\Component\DestroyComponent.h">
      <Filter>Source Files\ECS\Component</Filter>
    </ClInclude>
    <ClInclude Include="ECS\System\EntityDestroySystem.h">
      <Filter>Source Files\ECS\System</Filter>
    </ClInclude>
    <ClInclude Include="ECS\System\PlayerStateSystem.h">
      <Filter>Source Files\ECS\System</Filter>
    </ClInclude>
    <ClInclude Include="ECS\Component\BulletComponent.h">
      <Filter>Source Files\ECS\Component</Filter>
    </ClInclude>
    <ClInclude Include="ECS\System\SceneChangeSystem.h">
      <Filter>Source Files\ECS\System</Filter>
    </ClInclude>
    <ClInclude Include="ECS\Component\RandComponent.h">
      <Filter>Source Files\ECS\Component</Filter>
    </ClInclude>
    <ClInclude Include="Socket\MessageQueue.h">
      <Filter>Source Files\Socket</Filter>
    </ClInclude>
    <ClInclude Include="SocketConfig.h">
      <Filter>Source Files</Filter>
    </ClInclude>
    <ClInclude Include="Socket\SocketClient.h">
      <Filter>Source Files\Socket</Filter>
    </ClInclude>
    <ClInclude Include="SingleCompContainer.h">
      <Filter>Source Files\ECS</Filter>
    </ClInclude>
    <ClInclude Include="ECS\System\RollbackSystem.h">
      <Filter>Source Files\ECS\System</Filter>
    </ClInclude>
    <ClInclude Include="ECS\Component\RollbackComponent.h">
      <Filter>Source Files\ECS\Component</Filter>
    </ClInclude>
    <ClInclude Include="QtWidget\WidgetManager.h">
      <Filter>Source Files\QtWidget</Filter>
    </ClInclude>
    <ClInclude Include="QtWidget\WidgetConfig.h">
      <Filter>Source Files\QtWidget</Filter>
    </ClInclude>
    <ClInclude Include="Thread\ThreadManager.h">
      <Filter>Source Files\Thread</Filter>
    </ClInclude>
    <ClInclude Include="Renderer\PRenderBuffer.h">
      <Filter>Source Files\Renderer</Filter>
    </ClInclude>
    <ClInclude Include="Input\KeyboardData.h">
      <Filter>Source Files\Input</Filter>
    </ClInclude>
    <ClInclude Include="Util\TickUtil.h">
      <Filter>Source Files\Util</Filter>
    </ClInclude>
    <ClInclude Include="ECS\Component\RollbackPosComponent.h">
      <Filter>Source Files\ECS\Component</Filter>
    </ClInclude>
    <ClInclude Include="Protobuf\XTankMsg.pb.h">
      <Filter>Source Files\Protobuf</Filter>
    </ClInclude>
    <ClInclude Include="ECS\Component\HitComponent.h">
      <Filter>Source Files\ECS\Component</Filter>
    </ClInclude>
    <ClInclude Include="ECS\Component\BeHitComponent.h">
      <Filter>Source Files\ECS\Component</Filter>
    </ClInclude>
    <ClInclude Include="ECS\System\DamageSystem.h">
      <Filter>Source Files\ECS\System</Filter>
    </ClInclude>
    <ClInclude Include="ECS\System\AttachSystem.h">
      <Filter>Source Files\ECS\System</Filter>
    </ClInclude>
    <ClInclude Include="ECS\Component\HealthComponent.h">
      <Filter>Source Files\ECS\Component</Filter>
    </ClInclude>
    <ClInclude Include="ECS\Component\SideComponent.h">
      <Filter>Source Files\ECS\Component</Filter>
    </ClInclude>
  </ItemGroup>
  <ItemGroup>
    <ClCompile Include="renderer\input\Face.cpp">
      <Filter>Source Files\Renderer\Input</Filter>
    </ClCompile>
    <ClCompile Include="renderer\input\Material.cpp">
      <Filter>Source Files\Renderer\Input</Filter>
    </ClCompile>
    <ClCompile Include="renderer\input\ObjData.cpp">
      <Filter>Source Files\Renderer\Input</Filter>
    </ClCompile>
    <ClCompile Include="renderer\input\Vertex.cpp">
      <Filter>Source Files\Renderer\Input</Filter>
    </ClCompile>
    <ClCompile Include="renderer\render\Fragment.cpp">
      <Filter>Source Files\Renderer\Render</Filter>
    </ClCompile>
    <ClCompile Include="renderer\render\FragmentShader.cpp">
      <Filter>Source Files\Renderer\Render</Filter>
    </ClCompile>
    <ClCompile Include="renderer\render\Rasterization.cpp">
      <Filter>Source Files\Renderer\Render</Filter>
    </ClCompile>
    <ClCompile Include="renderer\render\Render.cpp">
      <Filter>Source Files\Renderer\Render</Filter>
    </ClCompile>
    <ClCompile Include="renderer\render\VertexShader.cpp">
      <Filter>Source Files\Renderer\Render</Filter>
    </ClCompile>
    <ClCompile Include="renderer\scene\Camera.cpp">
      <Filter>Source Files\Renderer\Scene</Filter>
    </ClCompile>
    <ClCompile Include="renderer\scene\Light.cpp">
      <Filter>Source Files\Renderer\Scene</Filter>
    </ClCompile>
    <ClCompile Include="renderer\scene\Scene.cpp">
      <Filter>Source Files\Renderer\Scene</Filter>
    </ClCompile>
    <ClCompile Include="renderer\output\Frames.cpp">
      <Filter>Source Files\Renderer\Output</Filter>
    </ClCompile>
    <ClCompile Include="renderer\output\FramesInRenderer.cpp">
      <Filter>Source Files\Renderer\Output</Filter>
    </ClCompile>
    <ClCompile Include="renderer\output\FuncCodes.cpp">
      <Filter>Source Files\Renderer\Output</Filter>
    </ClCompile>
    <ClCompile Include="renderer\output\UserSceneData.cpp">
      <Filter>Source Files\Renderer\Output</Filter>
    </ClCompile>
    <ClCompile Include="Renderer\MyMath\HoVector4.cpp">
      <Filter>Source Files\Renderer\MyMath</Filter>
    </ClCompile>
    <ClCompile Include="Renderer\MyMath\Matrix4f.cpp">
      <Filter>Source Files\Renderer\MyMath</Filter>
    </ClCompile>
    <ClCompile Include="Main.cpp">
      <Filter>Source Files</Filter>
    </ClCompile>
    <ClCompile Include="ECS\System\CollisionSystem.cpp">
      <Filter>Source Files\ECS\System</Filter>
    </ClCompile>
    <ClCompile Include="ECS\System.cpp">
      <Filter>Source Files\ECS</Filter>
    </ClCompile>
    <ClCompile Include="ECS\System\MoveSystem.cpp">
      <Filter>Source Files\ECS\System</Filter>
    </ClCompile>
    <ClCompile Include="ECS\System\ObstacleSystem.cpp">
      <Filter>Source Files\ECS\System</Filter>
    </ClCompile>
    <ClCompile Include="ECS\System\InputSystem.cpp">
      <Filter>Source Files\ECS\System</Filter>
    </ClCompile>
    <ClCompile Include="ECS\System\PRenderBufferSystem.cpp">
      <Filter>Source Files\ECS\System</Filter>
    </ClCompile>
    <ClCompile Include="Config.cpp">
      <Filter>Source Files</Filter>
    </ClCompile>
    <ClCompile Include="ECS\ECSUtil.cpp">
      <Filter>Source Files\ECS</Filter>
    </ClCompile>
    <ClCompile Include="ECS\Component\FrameComponent.h">
      <Filter>Source Files\ECS\Component</Filter>
    </ClCompile>
    <ClCompile Include="ECS\System\CommandSystem.cpp">
      <Filter>Source Files\ECS\System</Filter>
    </ClCompile>
    <ClCompile Include="ECS\System\SocketSystem.cpp">
      <Filter>Source Files\ECS\System</Filter>
    </ClCompile>
    <ClCompile Include="ECS\System\SpeedChangeSystem.cpp">
      <Filter>Source Files\ECS\System</Filter>
    </ClCompile>
    <ClCompile Include="ECS\XTankWorld.cpp">
      <Filter>Source Files\ECS</Filter>
    </ClCompile>
    <ClCompile Include="ECS\System\FrameSystem.cpp">
      <Filter>Source Files\ECS\System</Filter>
    </ClCompile>
    <ClCompile Include="QtWidget\PaintWidget.cpp">
      <Filter>Source Files\QtWidget</Filter>
    </ClCompile>
    <ClCompile Include="ECS\System\PlayerSpawnSystem.cpp">
      <Filter>Source Files\ECS\System</Filter>
    </ClCompile>
    <ClCompile Include="ECS\System\EntitySpawnSystem.cpp">
      <Filter>Source Files\ECS\System</Filter>
    </ClCompile>
    <ClCompile Include="ECS\System\FireSystem.cpp">
      <Filter>Source Files\ECS\System</Filter>
    </ClCompile>
    <ClCompile Include="ECS\System\BulletHitSystem.cpp">
      <Filter>Source Files\ECS\System</Filter>
    </ClCompile>
    <ClCompile Include="ECS\System\EntityDestroySystem.cpp">
      <Filter>Source Files\ECS\System</Filter>
    </ClCompile>
    <ClCompile Include="ECS\System\PlayerStateSystem.cpp">
      <Filter>Source Files\ECS\System</Filter>
    </ClCompile>
    <ClCompile Include="ECS\System\SceneChangeSystem.cpp">
      <Filter>Source Files\ECS\System</Filter>
    </ClCompile>
    <ClCompile Include="ECS\System\RollbackSystem.cpp">
      <Filter>Source Files\ECS\System</Filter>
    </ClCompile>
    <ClCompile Include="Socket\SocketClient.cpp">
      <Filter>Source Files\Socket</Filter>
    </ClCompile>
    <ClCompile Include="QtWidget\MainMenuWidget.cpp">
      <Filter>Source Files\QtWidget</Filter>
    </ClCompile>
    <ClCompile Include="QtWidget\LobbyWidget.cpp">
      <Filter>Source Files\QtWidget</Filter>
    </ClCompile>
    <ClCompile Include="QtWidget\RoomWidget.cpp">
      <Filter>Source Files\QtWidget</Filter>
    </ClCompile>
    <ClCompile Include="QtWidget\WidgetManager.cpp">
      <Filter>Source Files\QtWidget</Filter>
    </ClCompile>
    <ClCompile Include="QtWidget\ReceiveWidget.cpp">
      <Filter>Source Files\QtWidget</Filter>
    </ClCompile>
    <ClCompile Include="Thread\ThreadManager.cpp">
      <Filter>Source Files\Thread</Filter>
    </ClCompile>
    <ClCompile Include="Socket\MessageQueue.cpp">
      <Filter>Source Files\Socket</Filter>
    </ClCompile>
    <ClCompile Include="Renderer\PRenderBuffer.cpp">
      <Filter>Source Files\Renderer</Filter>
    </ClCompile>
    <ClCompile Include="Protobuf\XTankMsg.pb.cc">
      <Filter>Source Files\Protobuf</Filter>
    </ClCompile>
    <ClCompile Include="ECS\System\DamageSystem.cpp">
      <Filter>Source Files\ECS\System</Filter>
    </ClCompile>
    <ClCompile Include="ECS\System\AttachSystem.cpp">
      <Filter>Source Files\ECS\System</Filter>
    </ClCompile>
  </ItemGroup>
  <ItemGroup>
    <QtMoc Include="QtWidget\PaintWidget.h">
      <Filter>Source Files\QtWidget</Filter>
    </QtMoc>
    <QtMoc Include="QtWidget\LobbyWidget.h">
      <Filter>Source Files\QtWidget</Filter>
    </QtMoc>
    <QtMoc Include="QtWidget\MainMenuWidget.h">
      <Filter>Source Files\QtWidget</Filter>
    </QtMoc>
    <QtMoc Include="QtWidget\RoomWidget.h">
      <Filter>Source Files\QtWidget</Filter>
    </QtMoc>
    <QtMoc Include="QtWidget\ReceiveWidget.h">
      <Filter>Source Files\QtWidget</Filter>
    </QtMoc>
  </ItemGroup>
  <ItemGroup>
    <QtUic Include="QtWidget\PaintWidget.ui">
      <Filter>Source Files\QtWidget</Filter>
    </QtUic>
    <QtUic Include="QtWidget\RoomWidget.ui">
      <Filter>Source Files\QtWidget</Filter>
    </QtUic>
    <QtUic Include="QtWidget\MainMenuWidget.ui">
      <Filter>Source Files\QtWidget</Filter>
    </QtUic>
    <QtUic Include="QtWidget\LobbyWidget.ui">
      <Filter>Source Files\QtWidget</Filter>
    </QtUic>
    <QtUic Include="QtWidget\ReceiveWidget.ui">
      <Filter>Source Files\QtWidget</Filter>
    </QtUic>
  </ItemGroup>
</Project>